
Microsoft Visual Studio Solution File, Format Version 12.00
# Visual Studio Version 17
VisualStudioVersion = 17.7.34024.191
MinimumVisualStudioVersion = 10.0.40219.1
Project("{9A19103F-16F7-4668-BE54-9A1E7A4F7556}") = "AutoCodeUIEx", "AutoCodeUIEx\AutoCodeUIEx.csproj", "{38BECAC2-DA8A-4377-AEC0-2C594B7ADA2E}"
EndProject
Project("{9A19103F-16F7-4668-BE54-9A1E7A4F7556}") = "AutoApiCode", "AutoApiCode\AutoApiCode.csproj", "{9C2E58D6-3A7B-4C82-A8C9-AACB9C91EDD2}"
EndProject
Project("{FAE04EC0-301F-11D3-BF4B-00C04F79EFBC}") = "ApiTest", "ApiTest\ApiTest.csproj", "{B35FABFC-0F1A-44D0-BC33-A39858D97283}"
EndProject
Global
	GlobalSection(SolutionConfigurationPlatforms) = preSolution
		Debug|Any CPU = Debug|Any CPU
		Release|Any CPU = Release|Any CPU
	EndGlobalSection
	GlobalSection(ProjectConfigurationPlatforms) = postSolution
		{38BECAC2-DA8A-4377-AEC0-2C594B7ADA2E}.Debug|Any CPU.ActiveCfg = Debug|Any CPU
		{38BECAC2-DA8A-4377-AEC0-2C594B7ADA2E}.Debug|Any CPU.Build.0 = Debug|Any CPU
		{38BECAC2-DA8A-4377-AEC0-2C594B7ADA2E}.Release|Any CPU.ActiveCfg = Release|Any CPU
		{38BECAC2-DA8A-4377-AEC0-2C594B7ADA2E}.Release|Any CPU.Build.0 = Release|Any CPU
		{9C2E58D6-3A7B-4C82-A8C9-AACB9C91EDD2}.Debug|Any CPU.ActiveCfg = Debug|Any CPU
		{9C2E58D6-3A7B-4C82-A8C9-AACB9C91EDD2}.Debug|Any CPU.Build.0 = Debug|Any CPU
		{9C2E58D6-3A7B-4C82-A8C9-AACB9C91EDD2}.Release|Any CPU.ActiveCfg = Release|Any CPU
		{9C2E58D6-3A7B-4C82-A8C9-AACB9C91EDD2}.Release|Any CPU.Build.0 = Release|Any CPU
		{B35FABFC-0F1A-44D0-BC33-A39858D97283}.Debug|Any CPU.ActiveCfg = Debug|Any CPU
		{B35FABFC-0F1A-44D0-BC33-A39858D97283}.Debug|Any CPU.Build.0 = Debug|Any CPU
		{B35FABFC-0F1A-44D0-BC33-A39858D97283}.Release|Any CPU.ActiveCfg = Release|Any CPU
		{B35FABFC-0F1A-44D0-BC33-A39858D97283}.Release|Any CPU.Build.0 = Release|Any CPU
	EndGlobalSection
	GlobalSection(SolutionProperties) = preSolution
		HideSolutionNode = FALSE
	EndGlobalSection
	GlobalSection(ExtensibilityGlobals) = postSolution
		SolutionGuid = {457A482E-4085-47EA-8308-DD66E52C1C37}
	EndGlobalSection
EndGlobal
